{
  "name": "amaroq",
  "lockfileVersion": 2,
  "requires": true,
  "packages": {
    "": {
      "devDependencies": {
        "bats": "^1.8.2",
        "bats-assert": "github:ztombol/bats-assert",
        "bats-file": "github:ztombol/bats-file",
        "bats-support": "github:ztombol/bats-support"
      }
    },
    "node_modules/bats": {
      "version": "1.8.2",
      "resolved": "https://registry.npmjs.org/bats/-/bats-1.8.2.tgz",
      "integrity": "sha512-KLUIaPYuIMjqui8MbZmK84+CiwhjFVFAhFy5PXP0prLbkovc5faVzc+Qaowbz76F97zP573JrF31ODFAH7vzhg==",
      "dev": true,
      "bin": {
        "bats": "bin/bats"
      }
    },
    "node_modules/bats-assert": {
      "version": "0.3.0",
      "resolved": "git+ssh://git@github.com/ztombol/bats-assert.git#9f88b4207da750093baabc4e3f41bf68f0dd3630",
      "dev": true,
      "peerDependencies": {
        "bats-support": "git+https://github.com/ztombol/bats-support.git#v0.2.0"
      }
    },
    "node_modules/bats-file": {
      "version": "0.2.0",
      "resolved": "git+ssh://git@github.com/ztombol/bats-file.git#2fddb2b831d65cdf2e411f3b47f4677fbb15729c",
      "dev": true,
      "peerDependencies": {
        "bats-support": "git+https://github.com/ztombol/bats-support.git#v0.3.0"
      }
    },
    "node_modules/bats-support": {
      "version": "0.3.0",
      "resolved": "git+ssh://git@github.com/ztombol/bats-support.git#004e707638eedd62e0481e8cdc9223ad471f12ee",
      "dev": true
    }
  },
  "dependencies": {
    "bats": {
      "version": "1.8.2",
      "resolved": "https://registry.npmjs.org/bats/-/bats-1.8.2.tgz",
      "integrity": "sha512-KLUIaPYuIMjqui8MbZmK84+CiwhjFVFAhFy5PXP0prLbkovc5faVzc+Qaowbz76F97zP573JrF31ODFAH7vzhg==",
      "dev": true
    },
    "bats-assert": {
      "version": "git+ssh://git@github.com/ztombol/bats-assert.git#9f88b4207da750093baabc4e3f41bf68f0dd3630",
      "dev": true,
      "from": "bats-assert@github:ztombol/bats-assert",
      "requires": {}
    },
    "bats-file": {
      "version": "git+ssh://git@github.com/ztombol/bats-file.git#2fddb2b831d65cdf2e411f3b47f4677fbb15729c",
      "dev": true,
      "from": "bats-file@github:ztombol/bats-file",
      "requires": {}
    },
    "bats-support": {
      "version": "git+ssh://git@github.com/ztombol/bats-support.git#004e707638eedd62e0481e8cdc9223ad471f12ee",
      "dev": true,
      "from": "bats-support@github:ztombol/bats-support"
    }
  }
}
